{
    "_meta": {
        "hash": {
            "sha256": "0ee97782188eb468d0d6a4c3eecb48fb14242ed385b0e75539f7b60497134693"
        },
        "pipfile-spec": 6,
        "requires": {
            "python_version": "3.6.7"
        },
        "sources": [
            {
                "name": "pypi",
                "url": "https://pypi.org/simple",
                "verify_ssl": true
            }
        ]
    },
    "default": {
        "asn1crypto": {
            "hashes": [
                "sha256:5a215cb8dc12f892244e3a113fe05397ee23c5c4ca7a69cd6e69811755efc42d",
                "sha256:831d2710d3274c8a74befdddaf9f17fcbf6e350534565074818722d6d615b315"
            ],
            "version": "==1.3.0"
        },
        "attrdict": {
            "hashes": [
                "sha256:35c90698b55c683946091177177a9e9c0713a0860f0e049febd72649ccd77b70",
                "sha256:9432e3498c74ff7e1b20b3d93b45d766b71cbffa90923496f82c4ae38b92be34"
            ],
            "version": "==2.0.1"
        },
        "boto3": {
            "hashes": [
                "sha256:50661bb11468da30466a473236e13f0802fa073c702304d48a87ebd8bb798297",
                "sha256:bc25b83405cede6025fd7de0240fa8ade910f445da46f267c1dd13409d19ad64"
            ],
            "index": "pypi",
            "version": "==1.9.101"
        },
        "botocore": {
            "hashes": [
                "sha256:3baf129118575602ada9926f5166d82d02273c250d0feb313fc270944b27c48b",
                "sha256:dc080aed4f9b220a9e916ca29ca97a9d37e8e1d296fe89cbaeef929bf0c8066b"
            ],
            "version": "==1.12.253"
        },
        "certifi": {
            "hashes": [
                "sha256:017c25db2a153ce562900032d5bc68e9f191e44e9a0f762f373977de9df1fbb3",
                "sha256:25b64c7da4cd7479594d035c08c2d809eb4aab3a26e5a990ea98cc450c320f1f"
            ],
            "version": "==2019.11.28"
        },
        "cffi": {
            "hashes": [
                "sha256:001bf3242a1bb04d985d63e138230802c6c8d4db3668fb545fb5005ddf5bb5ff",
                "sha256:00789914be39dffba161cfc5be31b55775de5ba2235fe49aa28c148236c4e06b",
                "sha256:028a579fc9aed3af38f4892bdcc7390508adabc30c6af4a6e4f611b0c680e6ac",
                "sha256:14491a910663bf9f13ddf2bc8f60562d6bc5315c1f09c704937ef17293fb85b0",
                "sha256:1cae98a7054b5c9391eb3249b86e0e99ab1e02bb0cc0575da191aedadbdf4384",
                "sha256:2089ed025da3919d2e75a4d963d008330c96751127dd6f73c8dc0c65041b4c26",
                "sha256:2d384f4a127a15ba701207f7639d94106693b6cd64173d6c8988e2c25f3ac2b6",
                "sha256:337d448e5a725bba2d8293c48d9353fc68d0e9e4088d62a9571def317797522b",
                "sha256:399aed636c7d3749bbed55bc907c3288cb43c65c4389964ad5ff849b6370603e",
                "sha256:3b911c2dbd4f423b4c4fcca138cadde747abdb20d196c4a48708b8a2d32b16dd",
                "sha256:3d311bcc4a41408cf5854f06ef2c5cab88f9fded37a3b95936c9879c1640d4c2",
                "sha256:62ae9af2d069ea2698bf536dcfe1e4eed9090211dbaafeeedf5cb6c41b352f66",
                "sha256:66e41db66b47d0d8672d8ed2708ba91b2f2524ece3dee48b5dfb36be8c2f21dc",
                "sha256:675686925a9fb403edba0114db74e741d8181683dcf216be697d208857e04ca8",
                "sha256:7e63cbcf2429a8dbfe48dcc2322d5f2220b77b2e17b7ba023d6166d84655da55",
                "sha256:8a6c688fefb4e1cd56feb6c511984a6c4f7ec7d2a1ff31a10254f3c817054ae4",
                "sha256:8c0ffc886aea5df6a1762d0019e9cb05f825d0eec1f520c51be9d198701daee5",
                "sha256:95cd16d3dee553f882540c1ffe331d085c9e629499ceadfbda4d4fde635f4b7d",
                "sha256:99f748a7e71ff382613b4e1acc0ac83bf7ad167fb3802e35e90d9763daba4d78",
                "sha256:b8c78301cefcf5fd914aad35d3c04c2b21ce8629b5e4f4e45ae6812e461910fa",
                "sha256:c420917b188a5582a56d8b93bdd8e0f6eca08c84ff623a4c16e809152cd35793",
                "sha256:c43866529f2f06fe0edc6246eb4faa34f03fe88b64a0a9a942561c8e22f4b71f",
                "sha256:cab50b8c2250b46fe738c77dbd25ce017d5e6fb35d3407606e7a4180656a5a6a",
                "sha256:cef128cb4d5e0b3493f058f10ce32365972c554572ff821e175dbc6f8ff6924f",
                "sha256:cf16e3cf6c0a5fdd9bc10c21687e19d29ad1fe863372b5543deaec1039581a30",
                "sha256:e56c744aa6ff427a607763346e4170629caf7e48ead6921745986db3692f987f",
                "sha256:e577934fc5f8779c554639376beeaa5657d54349096ef24abe8c74c5d9c117c3",
                "sha256:f2b0fa0c01d8a0c7483afd9f31d7ecf2d71760ca24499c8697aeb5ca37dc090c"
            ],
            "version": "==1.14.0"
        },
        "chardet": {
            "hashes": [
                "sha256:84ab92ed1c4d4f16916e05906b6b75a6c0fb5db821cc65e70cbd64a3e2a5eaae",
                "sha256:fc323ffcaeaed0e0a02bf4d117757b98aed530d9ed4531e3e15460124c106691"
            ],
            "version": "==3.0.4"
        },
        "coincurve": {
            "hashes": [
                "sha256:0da923e7eba89d65ff37d18be4935d710f21032f645e59f0b0749f40c19807d9",
                "sha256:1be6b876bfbdfdd8c4e94708c9cd024cb06c8461cabbcd9b96659743a23dfbd6",
                "sha256:1e3b9068df66df8669b4e58e03c5e95f382e582cf31a743c9aae9963272482bc",
                "sha256:1f6d74500eb5ba1bf3a8e2ac3c7bcc96d7076082a3b5500fa63f4b8fad170b75",
                "sha256:2d540d79adfca1c5be0122362b87ad7308b77a517da9dc51e523b7fbe8ac405a",
                "sha256:4595c6bfb5be36a7365c638f535b10afffe7bea70eff3b57e8c3cb5e7eaf5325",
                "sha256:4c1d9241a31c0fe6d50ce561294f63955ec0fb3afbf1579da8b3742612a6e9dc",
                "sha256:546fc4765e38aa36a723e8ebca03408145c4837d470bd3704e295902ee4e4224",
                "sha256:6eaf8ef5d91f6ebc2df35b7fce958b33fbee581f0e0becedfcbb8947da1764e8",
                "sha256:75a6a7c6116d7f10992e06c0aeeaddcaee55a537ceef17961180ba8dd33e4a03",
                "sha256:800b649bfc8e12a49927c98f02bfcc543af80f06bd25c4e5df41531ed142c681",
                "sha256:8474d1576d06d9d0c210bd64e3e245e43a8ff6e18c90e343567c5954b088726e",
                "sha256:96c023d330120a62234638b563f83d3064bfeb2d8a20ccbcf00ab4d851424458",
                "sha256:9985627dc0c81fe98c3d2e97412801e9726d6110249317a2775cf365f0ba0df5",
                "sha256:9af82dd36721245416c32256c0a3504dc13ee07de29b09ebb9724c2684b2cfb6",
                "sha256:9e25ab16935d348be05bdf8fab648475e568a1b5754f518979c8e2cd08c4a71d",
                "sha256:a01b2769c1045a8ba60bef61ef15c3b6276dcb75b850cfc0bfab92a2856deb3c",
                "sha256:a769882d0e2bf5f21d54992794d78325021eabcc6bfc3d373aa1ad7760a0f7fe",
                "sha256:b44eb772f696455ffc60e37c1b7de8ba4db9a388ddadfb960e6caf0f0da6b511",
                "sha256:b7f901083695dee84ab7b1a34c90d00fb18b71db74d25fae5be10455016049a7",
                "sha256:bec315f32b09bb14b3261a50c0decf4d3f51dcf5de9d6cfeaf463c37656f0087",
                "sha256:c26546176bdc1a77321d38a0178544f5f12f41c8b47e227581adebd61f30dea5",
                "sha256:e3ebedd738135b0661821c9d69369ee009adb87b21a32599fff7f78589d5e58d",
                "sha256:e6e35e3cbb6872f51c3b869a4fa27f36dc760db268818084a879c47e5a5b69e4",
                "sha256:f0b5cce8e677c493475cbe4356e4500e287d5f484918483f402bbd4305659af2",
                "sha256:f136c98b4a2df3829e1f2f2e6a28f7ff9d5676c5c3614c6d3e511f07e024c093",
                "sha256:fa4b6e311d45995012d194569a02281448d700681d72857433e05821a75d310d"
            ],
            "version": "==13.0.0"
        },
        "coreapi": {
            "hashes": [
                "sha256:46145fcc1f7017c076a2ef684969b641d18a2991051fddec9458ad3f78ffc1cb",
                "sha256:bf39d118d6d3e171f10df9ede5666f63ad80bba9a29a8ec17726a66cf52ee6f3"
            ],
            "index": "pypi",
            "version": "==2.3.3"
        },
        "coreschema": {
            "hashes": [
                "sha256:5e6ef7bf38c1525d5e55a895934ab4273548629f16aed5c0a6caa74ebf45551f",
                "sha256:9503506007d482ab0867ba14724b93c18a33b22b6d19fb419ef2d239dd4a1607"
            ],
            "index": "pypi",
            "version": "==0.0.4"
        },
        "cytoolz": {
            "hashes": [
                "sha256:82f5bba81d73a5a6b06f2a3553ff9003d865952fcb32e1df192378dd944d8a5c"
            ],
            "markers": "implementation_name == 'cpython'",
            "version": "==0.10.1"
        },
        "dj-database-url": {
            "hashes": [
                "sha256:4aeaeb1f573c74835b0686a2b46b85990571159ffc21aa57ecd4d1e1cb334163",
                "sha256:851785365761ebe4994a921b433062309eb882fedd318e1b0fcecc607ed02da9"
            ],
            "version": "==0.5.0"
        },
        "django": {
            "hashes": [
                "sha256:1226168be1b1c7efd0e66ee79b0e0b58b2caa7ed87717909cd8a57bb13a7079a",
                "sha256:9a4635813e2d498a3c01b10c701fe4a515d76dd290aaa792ccb65ca4ccb6b038"
            ],
            "index": "pypi",
            "version": "==2.2.10"
        },
        "django-cors-headers": {
            "hashes": [
                "sha256:5545009c9b233ea7e70da7dbab7cb1c12afa01279895086f98ec243d7eab46fa",
                "sha256:c4c2ee97139d18541a1be7d96fe337d1694623816d83f53cb7c00da9b94acae1"
            ],
            "index": "pypi",
            "version": "==2.4.0"
        },
        "django-heroku": {
            "hashes": [
                "sha256:2bc690aab89eedbe01311752320a9a12e7548e3b0ed102681acc5736a41a4762",
                "sha256:6af4bc3ae4a9b55eaad6dbe5164918982d2762661aebc9f83d9fa49f6009514e"
            ],
            "index": "pypi",
            "version": "==0.3.1"
        },
        "django-pygments": {
            "hashes": [
                "sha256:06473b575d0fd393505e88cc90767684763cefff03d58fca860c8b5ba7b94fc6"
            ],
            "index": "pypi",
            "version": "==0.1"
        },
        "django-rest-swagger": {
            "hashes": [
                "sha256:48f6aded9937e90ae7cbe9e6c932b9744b8af80cc4e010088b3278c700e0685b",
                "sha256:b039b0288bab4665cd45dc5d16f94b13911bc4ad0ed55f74ad3b90aa31c87c17"
            ],
            "index": "pypi",
            "version": "==2.2.0"
        },
        "django-storages": {
            "hashes": [
                "sha256:8e35d2c7baeda5dc6f0b4f9a0fc142d25f9a1bf72b8cebfcbc5db4863abc552d",
                "sha256:b1a63cd5ea286ee5a9fb45de6c3c5c0ae132d58308d06f1ce9865cfcd5e470a7"
            ],
            "index": "pypi",
            "version": "==1.7.1"
        },
        "djangorestframework": {
            "hashes": [
                "sha256:607865b0bb1598b153793892101d881466bd5a991de12bd6229abb18b1c86136",
                "sha256:63f76cbe1e7d12b94c357d7e54401103b2e52aef0f7c1650d6c820ad708776e5"
            ],
            "index": "pypi",
            "version": "==3.9.0"
        },
        "docutils": {
            "hashes": [
                "sha256:6c4f696463b79f1fb8ba0c594b63840ebd41f059e92b31957c46b74a4599b6d0",
                "sha256:9e4d7ecfc600058e07ba661411a2b7de2fd0fafa17d1a7f7361cd47b1175c827",
                "sha256:a2aeea129088da402665e92e0b25b04b073c04b2dce4ab65caaa38b7ce2e1a99"
            ],
            "version": "==0.15.2"
        },
        "eth-abi": {
            "hashes": [
                "sha256:04e64f739c6f6cb6aded3e7c8924cc49ffbb088ac53ad1786765747853f167b1",
                "sha256:2a898568fd85b8f162b89890695f7e08d7a53dec70ecdb6bea20c544241d8621"
            ],
            "index": "pypi",
            "version": "==1.3.0"
        },
        "eth-account": {
            "hashes": [
                "sha256:3b5b1735db5736c9bb59786256edb0e18ea912f0a3d835611abb0266aa71c0d1",
                "sha256:63d782e7d0db455d13b5d6f18df790895072fde49ed00f1c176ae11dfa87251b"
            ],
            "index": "pypi",
            "version": "==0.3.0"
        },
        "eth-hash": {
            "extras": [
                "pycryptodome"
            ],
            "hashes": [
                "sha256:1b9cb34dd3cd99c85c2bd6a1420ceae39a2eee8bf080efd264bcda8be3edecc8",
                "sha256:499dc02d098f69856d1a6dd005529c16174157d4fb2a9fe20c41f69e39f8f176"
            ],
            "index": "pypi",
            "version": "==0.2.0"
        },
        "eth-keyfile": {
            "hashes": [
                "sha256:70d734af17efdf929a90bb95375f43522be4ed80c3b9e0a8bca575fb11cd1159",
                "sha256:939540efb503380bc30d926833e6a12b22c6750de80feef3720d79e5a79de47d"
            ],
            "index": "pypi",
            "version": "==0.5.1"
        },
        "eth-keys": {
            "hashes": [
                "sha256:18f2b30fe54ad9ff8a4517459012dfff1608f558d5ff24646c50e19fa5ec9183",
                "sha256:993e61f146a9b228b8762082230afdf516c1ac3f6bbcdd2a09a4823ff8106d49"
            ],
            "index": "pypi",
            "version": "==0.2.1"
        },
        "eth-rlp": {
            "hashes": [
                "sha256:05d8456981d85e16a9afa57f2f2c3356af5d1c49499cc8512cfcdc034b90dde5",
                "sha256:a94744c207ea731a7266bd0894179dc6e51a6a8965316000c8e823b5d7e07694"
            ],
            "index": "pypi",
            "version": "==0.1.2"
        },
        "eth-typing": {
            "hashes": [
                "sha256:2f3e1f891226148898b219bd94674a9af06c2d75d8cdd8c6722227b472cbd4d4",
                "sha256:cf9e5e9fb62cfeb1027823328569315166851c65c5774604d801b6b926ff65bc"
            ],
            "version": "==2.2.1"
        },
        "eth-utils": {
            "hashes": [
                "sha256:76f7797d3ed67821dbc92931f5b7e6b4bccdd5d3407b316bd1df882f2b55c28f",
                "sha256:f11f046fef99e63f2cfe7663531c9a13ed0be6c01879f1a6151dc104eeebdfcf"
            ],
            "index": "pypi",
            "version": "==1.4.1"
        },
        "ethereum": {
            "hashes": [
                "sha256:a7c05edb538aed10f3f6fe165ebc4999b47cd05821fed0064b07b699350b16e3"
            ],
            "index": "pypi",
            "version": "==2.3.2"
        },
        "flake8": {
            "hashes": [
                "sha256:6a35f5b8761f45c5513e3405f110a86bea57982c3b75b766ce7b65217abe1670",
                "sha256:c01f8a3963b3571a8e6bd7a4063359aff90749e160778e03817cd9b71c9e07d2"
            ],
            "index": "pypi",
            "version": "==3.6.0"
        },
        "future": {
            "hashes": [
                "sha256:b1bead90b70cf6ec3f0710ae53a525360fa360d306a86583adc6bf83a4db537d"
            ],
            "version": "==0.18.2"
        },
        "gunicorn": {
            "hashes": [
                "sha256:aa8e0b40b4157b36a5df5e599f45c9c76d6af43845ba3b3b0efe2c70473c2471",
                "sha256:fa2662097c66f920f53f70621c6c58ca4a3c4d3434205e608e121b5b3b71f4f3"
            ],
            "index": "pypi",
            "version": "==19.9.0"
        },
        "hexbytes": {
            "hashes": [
                "sha256:438ba9a28dfcda2c2276954b4310f9af1604fb198bfe5ac44c6518feaf6d376a",
                "sha256:9e8b3e3dc4a7de23c0cf1bb3c3edfcc1f0df4b78927bad63816c27a027b8b7d1"
            ],
            "version": "==0.2.0"
        },
        "idna": {
            "hashes": [
                "sha256:c357b3f628cf53ae2c4c05627ecc484553142ca23264e593d327bcde5e9c3407",
                "sha256:ea8b7f6188e6fa117537c3df7da9fc686d485087abf6ac197f9c46432f7e4a3c"
            ],
            "version": "==2.8"
        },
        "itypes": {
            "hashes": [
                "sha256:c6e77bb9fd68a4bfeb9d958fea421802282451a25bac4913ec94db82a899c073"
            ],
            "version": "==1.1.0"
        },
        "jinja2": {
            "hashes": [
                "sha256:93187ffbc7808079673ef52771baa950426fd664d3aad1d0fa3e95644360e250",
                "sha256:b0eaf100007721b5c16c1fc1eecb87409464edc10469ddc9a22a27a99123be49"
            ],
            "version": "==2.11.1"
        },
        "jmespath": {
            "hashes": [
                "sha256:3720a4b1bd659dd2eecad0666459b9788813e032b83e7ba58578e48254e0a0e6",
                "sha256:bde2aef6f44302dfb30320115b17d030798de8c4110e28d5cf6cf91a7a31074c"
            ],
            "version": "==0.9.4"
        },
        "lru-dict": {
            "hashes": [
                "sha256:365457660e3d05b76f1aba3e0f7fedbfcd6528e97c5115a351ddd0db488354cc"
            ],
            "version": "==1.1.6"
        },
        "markdown": {
            "hashes": [
                "sha256:c00429bd503a47ec88d5e30a751e147dcb4c6889663cd3e2ba0afe858e009baa",
                "sha256:d02e0f9b04c500cde6637c11ad7c72671f359b87b9fe924b2383649d8841db7c"
            ],
            "index": "pypi",
            "version": "==3.0.1"
        },
        "markupsafe": {
            "hashes": [
                "sha256:00bc623926325b26bb9605ae9eae8a215691f33cae5df11ca5424f06f2d1f473",
                "sha256:09027a7803a62ca78792ad89403b1b7a73a01c8cb65909cd876f7fcebd79b161",
                "sha256:09c4b7f37d6c648cb13f9230d847adf22f8171b1ccc4d5682398e77f40309235",
                "sha256:1027c282dad077d0bae18be6794e6b6b8c91d58ed8a8d89a89d59693b9131db5",
                "sha256:13d3144e1e340870b25e7b10b98d779608c02016d5184cfb9927a9f10c689f42",
                "sha256:24982cc2533820871eba85ba648cd53d8623687ff11cbb805be4ff7b4c971aff",
                "sha256:29872e92839765e546828bb7754a68c418d927cd064fd4708fab9fe9c8bb116b",
                "sha256:43a55c2930bbc139570ac2452adf3d70cdbb3cfe5912c71cdce1c2c6bbd9c5d1",
                "sha256:46c99d2de99945ec5cb54f23c8cd5689f6d7177305ebff350a58ce5f8de1669e",
                "sha256:500d4957e52ddc3351cabf489e79c91c17f6e0899158447047588650b5e69183",
                "sha256:535f6fc4d397c1563d08b88e485c3496cf5784e927af890fb3c3aac7f933ec66",
                "sha256:596510de112c685489095da617b5bcbbac7dd6384aeebeda4df6025d0256a81b",
                "sha256:62fe6c95e3ec8a7fad637b7f3d372c15ec1caa01ab47926cfdf7a75b40e0eac1",
                "sha256:6788b695d50a51edb699cb55e35487e430fa21f1ed838122d722e0ff0ac5ba15",
                "sha256:6dd73240d2af64df90aa7c4e7481e23825ea70af4b4922f8ede5b9e35f78a3b1",
                "sha256:717ba8fe3ae9cc0006d7c451f0bb265ee07739daf76355d06366154ee68d221e",
                "sha256:79855e1c5b8da654cf486b830bd42c06e8780cea587384cf6545b7d9ac013a0b",
                "sha256:7c1699dfe0cf8ff607dbdcc1e9b9af1755371f92a68f706051cc8c37d447c905",
                "sha256:88e5fcfb52ee7b911e8bb6d6aa2fd21fbecc674eadd44118a9cc3863f938e735",
                "sha256:8defac2f2ccd6805ebf65f5eeb132adcf2ab57aa11fdf4c0dd5169a004710e7d",
                "sha256:98c7086708b163d425c67c7a91bad6e466bb99d797aa64f965e9d25c12111a5e",
                "sha256:9add70b36c5666a2ed02b43b335fe19002ee5235efd4b8a89bfcf9005bebac0d",
                "sha256:9bf40443012702a1d2070043cb6291650a0841ece432556f784f004937f0f32c",
                "sha256:ade5e387d2ad0d7ebf59146cc00c8044acbd863725f887353a10df825fc8ae21",
                "sha256:b00c1de48212e4cc9603895652c5c410df699856a2853135b3967591e4beebc2",
                "sha256:b1282f8c00509d99fef04d8ba936b156d419be841854fe901d8ae224c59f0be5",
                "sha256:b2051432115498d3562c084a49bba65d97cf251f5a331c64a12ee7e04dacc51b",
                "sha256:ba59edeaa2fc6114428f1637ffff42da1e311e29382d81b339c1817d37ec93c6",
                "sha256:c8716a48d94b06bb3b2524c2b77e055fb313aeb4ea620c8dd03a105574ba704f",
                "sha256:cd5df75523866410809ca100dc9681e301e3c27567cf498077e8551b6d20e42f",
                "sha256:cdb132fc825c38e1aeec2c8aa9338310d29d337bebbd7baa06889d09a60a1fa2",
                "sha256:e249096428b3ae81b08327a63a485ad0878de3fb939049038579ac0ef61e17e7",
                "sha256:e8313f01ba26fbbe36c7be1966a7b7424942f670f38e666995b88d012765b9be"
            ],
            "version": "==1.1.1"
        },
        "mccabe": {
            "hashes": [
                "sha256:ab8a6258860da4b6677da4bd2fe5dc2c659cff31b3ee4f7f5d64e79735b80d42",
                "sha256:dd8d182285a0fe56bace7f45b5e7d1a6ebcbf524e8f3bd87eb0f125271b8831f"
            ],
            "version": "==0.6.1"
        },
        "mypy-extensions": {
            "hashes": [
                "sha256:090fedd75945a69ae91ce1303b5824f428daf5a028d2f6ab8a299250a846f15d",
                "sha256:2d82818f5bb3e369420cb3c4060a7970edba416647068eb4c5343488a6c604a8"
            ],
            "version": "==0.4.3"
        },
        "openapi-codec": {
            "hashes": [
                "sha256:1bce63289edf53c601ea3683120641407ff6b708803b8954c8a876fe778d2145"
            ],
            "version": "==1.3.2"
        },
        "parsimonious": {
            "hashes": [
                "sha256:3add338892d580e0cb3b1a39e4a1b427ff9f687858fdd61097053742391a9f6b"
            ],
            "version": "==0.8.1"
        },
        "pbkdf2": {
            "hashes": [
                "sha256:ac6397369f128212c43064a2b4878038dab78dab41875364554aaf2a684e6979"
            ],
            "version": "==1.3"
        },
        "psycopg2": {
            "hashes": [
                "sha256:4212ca404c4445dc5746c0d68db27d2cbfb87b523fe233dc84ecd24062e35677",
                "sha256:47fc642bf6f427805daf52d6e52619fe0637648fe27017062d898f3bf891419d",
                "sha256:72772181d9bad1fa349792a1e7384dde56742c14af2b9986013eb94a240f005b",
                "sha256:8396be6e5ff844282d4d49b81631772f80dabae5658d432202faf101f5283b7c",
                "sha256:893c11064b347b24ecdd277a094413e1954f8a4e8cdaf7ffbe7ca3db87c103f0",
                "sha256:92a07dfd4d7c325dd177548c4134052d4842222833576c8391aab6f74038fc3f",
                "sha256:965c4c93e33e6984d8031f74e51227bd755376a9df6993774fd5b6fb3288b1f4",
                "sha256:9ab75e0b2820880ae24b7136c4d230383e07db014456a476d096591172569c38",
                "sha256:b0845e3bdd4aa18dc2f9b6fb78fbd3d9d371ad167fd6d1b7ad01c0a6cdad4fc6",
                "sha256:dca2d7203f0dfce8ea4b3efd668f8ea65cd2b35112638e488a4c12594015f67b",
                "sha256:ed686e5926929887e2c7ae0a700e32c6129abb798b4ad2b846e933de21508151",
                "sha256:ef6df7e14698e79c59c7ee7cf94cd62e5b869db369ed4b1b8f7b729ea825712a",
                "sha256:f898e5cc0a662a9e12bde6f931263a1bbd350cfb18e1d5336a12927851825bb6"
            ],
            "version": "==2.8.4"
        },
        "py-ecc": {
            "hashes": [
                "sha256:0ad540e3a3df332692e35dfac8e550592c345b249d54d6d6c9a91f57bd2a75af",
                "sha256:c32cb3aa13b6d5a555f6cad629fb5d2d4af3cd607f239c3422654e1df208ed78"
            ],
            "version": "==2.0.0"
        },
        "pycodestyle": {
            "hashes": [
                "sha256:cbc619d09254895b0d12c2c691e237b2e91e9b2ecf5e84c26b35400f93dcfb83",
                "sha256:cbfca99bd594a10f674d0cd97a3d802a1fdef635d4361e1a2658de47ed261e3a"
            ],
            "version": "==2.4.0"
        },
        "pycparser": {
            "hashes": [
                "sha256:a988718abfad80b6b157acce7bf130a30876d27603738ac39f140993246b25b3"
            ],
            "version": "==2.19"
        },
        "pycryptodome": {
            "hashes": [
                "sha256:012ca77c2105600e3c6aef43188101ac1d95052c633a4ae8fbebffab20c25f8a",
                "sha256:05b4d865710f9a6378d3ada28195ff78e52642d3ecffe6fa9d379d870b9bf29d",
                "sha256:07daddb98f98f771ba027f8f835bdb675aeb84effe41ed5221f520b267429354",
                "sha256:09bf05a489fe10f9280a5e0163f195e7b9630cafb15f7d72fb9c8f5eb2afa84f",
                "sha256:0a8d5f2dbb4bbe830ace54286b829bfa529f0853bedaab6225fcb2e6d1f7e356",
                "sha256:1259b8ca49662b8a941177357f08147d858595c0042e63ff81e9628e925b5c9d",
                "sha256:238d8b6dd27bd1a04816a68aa90a739e6dd23b192fcd83b50f9360958bff192a",
                "sha256:2a57daef18a2022a5e4b6f7376c9ddd0c2d946e4b1f1e59b837f5bf295be7380",
                "sha256:39e5ca2f66d1eac7abcba5ce1a03370d123dc6085620f1cd532dfee27e650178",
                "sha256:3d516df693c195b8da3795e381429bd420e87081b7e6c2871c62c9897c812cda",
                "sha256:3e486c5b7228e864665fc479e9f596b2547b5fe29c6f5c8ed3807784d06faed7",
                "sha256:5029c46b0d41dfb763c3981c0af68eab029f06fe2b94f2299112fc18cf9e8d6d",
                "sha256:5817c0b3c263025d851da96b90cbc7e95348008f88b990e90d10683dba376666",
                "sha256:79320f1fc5c9ca682869087c565bb29ca6f334692e940d7365771e9a94382e12",
                "sha256:887d08beca6368d3d70dc75126607ad76317a9fd07fe61323d8c3cb42add12b6",
                "sha256:9163fec630495c10c767991e3f8dab32f4427bfb2dfeaa59bb28fe3e52ba66f2",
                "sha256:95d324e603c5cec5d89e8595236bbf59ade5fe3a72d100ce61eebb323d598750",
                "sha256:9927aa8a8cb4af681279b6f28a1dcb14e0eb556c1aea8413a1e27608a8516e0c",
                "sha256:9948c2d5c5c0ee45ed44cee0e2eba2ce60a03be006ed3074521f3da3be162e72",
                "sha256:a719bd708207fa219fcbf4c8ebbcbc52846045f78179d00445b429fdabdbc1c4",
                "sha256:bc22ced26ebc46546798fa0141f4418f1db116dec517f0aeaecec87cf7b2416c",
                "sha256:c41b7e10b72cef00cd63410f31fe50e72dc3a40eafbd146e288384fbe4208064",
                "sha256:cdb0ad83a5d6bac986a37fcb7562bcbef0aabae8ea19505bab5cf83c4d18af12",
                "sha256:d8e480f65ac7105cbc288eec2417dc61eaac6ed6e75595aa15b8c7c77c53a68b",
                "sha256:da2d581da279bc7408d38e16ff77754f5448c4352f2acfe530a5d14d8fc6934a",
                "sha256:de61091dd68326b600422cf731eb4810c4c6363f18a65bccd6061784b7454f5b",
                "sha256:ec7d39589f9cfc2a8b83b1d2fc673441757c99d43283e97b2dd46e0e23730db8",
                "sha256:f3204006869ab037604b1d9f045c4e84882ddd365e4ee8caa5eb1ff47a59188e",
                "sha256:f4d2174e168d0eabd1fffaf88b4f62c2b6f30a67b8816f31024b8e48be3e2d75",
                "sha256:fcff8c9d88d58880f7eda2139c7c444552a38f98a9e77ba5970b6e78f54ac358"
            ],
            "version": "==3.9.6"
        },
        "pyethash": {
            "hashes": [
                "sha256:ff66319ce26b9d77df1f610942634dac9742e216f2c27b051c0a2c2dec9c2818"
            ],
            "version": "==0.1.27"
        },
        "pyflakes": {
            "hashes": [
                "sha256:9a7662ec724d0120012f6e29d6248ae3727d821bba522a0e6b356eff19126a49",
                "sha256:f661252913bc1dbe7fcfcbf0af0db3f42ab65aabd1a6ca68fe5d466bace94dae"
            ],
            "version": "==2.0.0"
        },
        "pygments": {
            "hashes": [
                "sha256:5ffada19f6203563680669ee7f53b64dabbeb100eb51b61996085e99c03b284a",
                "sha256:e8218dd399a61674745138520d0d4cf2621d7e032439341bc3f647bff125818d"
            ],
            "index": "pypi",
            "version": "==2.3.1"
        },
        "pysha3": {
            "hashes": [
                "sha256:0060a66be16665d90c432f55a0ba1f6480590cfb7d2ad389e688a399183474f0",
                "sha256:11a2ba7a2e1d9669d0052fc8fb30f5661caed5512586ecbeeaf6bf9478ab5c48",
                "sha256:386998ee83e313b6911327174e088021f9f2061cbfa1651b97629b761e9ef5c4",
                "sha256:41be70b06c8775a9e4d4eeb52f2f6a3f356f17539a54eac61f43a29e42fd453d",
                "sha256:4416f16b0f1605c25f627966f76873e432971824778b369bd9ce1bb63d6566d9",
                "sha256:571a246308a7b63f15f5aa9651f99cf30f2a6acba18eddf28f1510935968b603",
                "sha256:59111c08b8f34495575d12e5f2ce3bafb98bea470bc81e70c8b6df99aef0dd2f",
                "sha256:5ec8da7c5c70a53b5fa99094af3ba8d343955b212bc346a0d25f6ff75853999f",
                "sha256:684cb01d87ed6ff466c135f1c83e7e4042d0fc668fa20619f581e6add1d38d77",
                "sha256:68c3a60a39f9179b263d29e221c1bd6e01353178b14323c39cc70593c30f21c5",
                "sha256:6e6a84efb7856f5d760ee55cd2b446972cb7b835676065f6c4f694913ea8f8d9",
                "sha256:827b308dc025efe9b6b7bae36c2e09ed0118a81f792d888548188e97b9bf9a3d",
                "sha256:93abd775dac570cb9951c4e423bcb2bc6303a9d1dc0dc2b7afa2dd401d195b24",
                "sha256:9c778fa8b161dc9348dc5cc361e94d54aa5ff18413788f4641f6600d4893a608",
                "sha256:9fdd28884c5d0b4edfed269b12badfa07f1c89dbc5c9c66dd279833894a9896b",
                "sha256:c7c2adcc43836223680ebdf91f1d3373543dc32747c182c8ca2e02d1b69ce030",
                "sha256:c93a2676e6588abcfaecb73eb14485c81c63b94fca2000a811a7b4fb5937b8e8",
                "sha256:cd5c961b603bd2e6c2b5ef9976f3238a561c58569945d4165efb9b9383b050ef",
                "sha256:f9046d59b3e72aa84f6dae83a040bd1184ebd7fef4e822d38186a8158c89e3cf",
                "sha256:fd7e66999060d079e9c0e8893e78d8017dad4f59721f6fe0be6307cd32127a07",
                "sha256:fe988e73f2ce6d947220624f04d467faf05f1bbdbc64b0a201296bb3af92739e"
            ],
            "version": "==1.0.2"
        },
        "python-dateutil": {
            "hashes": [
                "sha256:73ebfe9dbf22e832286dafa60473e4cd239f8592f699aa5adaf10050e6e1823c",
                "sha256:75bb3f31ea686f1197762692a9ee6a7550b59fc6ca3a1f4b5d7e32fb98e2da2a"
            ],
            "markers": "python_version >= '2.7'",
            "version": "==2.8.1"
        },
        "pytz": {
            "hashes": [
                "sha256:1c557d7d0e871de1f5ccd5833f60fb2550652da6be2693c1e02300743d21500d",
                "sha256:b02c06db6cf09c12dd25137e563b31700d3b80fcc4ad23abb7a315f2789819be"
            ],
            "version": "==2019.3"
        },
        "pyyaml": {
            "hashes": [
                "sha256:059b2ee3194d718896c0ad077dd8c043e5e909d9180f387ce42012662a4946d6",
                "sha256:1cf708e2ac57f3aabc87405f04b86354f66799c8e62c28c5fc5f88b5521b2dbf",
                "sha256:24521fa2890642614558b492b473bee0ac1f8057a7263156b02e8b14c88ce6f5",
                "sha256:4fee71aa5bc6ed9d5f116327c04273e25ae31a3020386916905767ec4fc5317e",
                "sha256:70024e02197337533eef7b85b068212420f950319cc8c580261963aefc75f811",
                "sha256:74782fbd4d4f87ff04159e986886931456a1894c61229be9eaf4de6f6e44b99e",
                "sha256:940532b111b1952befd7db542c370887a8611660d2b9becff75d39355303d82d",
                "sha256:cb1f2f5e426dc9f07a7681419fe39cee823bb74f723f36f70399123f439e9b20",
                "sha256:dbbb2379c19ed6042e8f11f2a2c66d39cceb8aeace421bfc29d085d93eda3689",
                "sha256:e3a057b7a64f1222b56e47bcff5e4b94c4f61faac04c7c4ecb1985e18caa3994",
                "sha256:e9f45bd5b92c7974e59bcd2dcc8631a6b6cc380a904725fce7bc08872e691615"
            ],
            "version": "==5.3"
        },
        "raven": {
            "hashes": [
                "sha256:3fa6de6efa2493a7c827472e984ce9b020797d0da16f1db67197bcc23c8fae54",
                "sha256:44a13f87670836e153951af9a3c80405d36b43097db869a36e92809673692ce4"
            ],
            "index": "pypi",
            "version": "==6.10.0"
        },
        "repoze.lru": {
            "hashes": [
                "sha256:0429a75e19380e4ed50c0694e26ac8819b4ea7851ee1fc7583c8572db80aff77",
                "sha256:f77bf0e1096ea445beadd35f3479c5cff2aa1efe604a133e67150bc8630a62ea"
            ],
            "version": "==0.7"
        },
        "requests": {
            "hashes": [
                "sha256:11e007a8a2aa0323f5a921e9e6a2d7e4e67d9877e85773fba9ba6419025cbeb4",
                "sha256:9cf5292fcd0f598c671cfc1e0d7d1a7f13bb8085e9a590f48c010551dc6c4b31"
            ],
            "version": "==2.22.0"
        },
        "rlp": {
            "hashes": [
                "sha256:27273fc2dbc3513c1e05ea6b8af28aac8745fb09c164e39e2ed2807bf7e1b342",
                "sha256:97b7e770f16442772311b33e6bc28b45318e7c8def69b9df16452304e224e9df"
            ],
            "version": "==1.2.0"
        },
        "s3transfer": {
            "hashes": [
                "sha256:6efc926738a3cd576c2a79725fed9afde92378aa5c6a957e3af010cb019fac9d",
                "sha256:b780f2411b824cb541dbcd2c713d0cb61c7d1bcadae204cdddda2b35cef493ba"
            ],
            "version": "==0.2.1"
        },
        "scrypt": {
            "hashes": [
                "sha256:1377b1adc98c4152694bf5d7e93b41a9d2e9060af69b747cfad8c93ac426f9ea",
                "sha256:336a76da970674206591a9d1092b165a6792eadeaed5fd8fd0d7e367ea0cd74a",
                "sha256:40fcaecc2e6cc3f9d200c7fb111454f4b584dcde3cf1242d0730ca299fb08553",
                "sha256:96ef78c99b324000cadf019c6af1f6cd2fefc1048951fc07365ec74bf99c17f9",
                "sha256:a12930a9942774dbaebe0ae4e3d089a6ea158daf7fc6d9b81aba47bcb73103ff",
                "sha256:b5434eb5608d491abf42bdacb5dea2103ff25d4e42c0a2b574bd74c7789bbb37",
                "sha256:b9da3cd041efdbfde0f353351b6f8a8e0b7b7b4e8d95a29e59f77c48e2cee96d",
                "sha256:d5acc01c27048ad5f5477aeaa97c8faa1bd739f0a915d31b4526e18609fd9df1",
                "sha256:e1d24b8dd8a4451745a0f99c6bf356475fa822e5ebdeb207ea99f0fdab54c909"
            ],
            "version": "==0.8.13"
        },
        "simplejson": {
            "hashes": [
                "sha256:0fe3994207485efb63d8f10a833ff31236ed27e3b23dadd0bf51c9900313f8f2",
                "sha256:17163e643dbf125bb552de17c826b0161c68c970335d270e174363d19e7ea882",
                "sha256:1d1e929cdd15151f3c0b2efe953b3281b2fd5ad5f234f77aca725f28486466f6",
                "sha256:1ea59f570b9d4916ae5540a9181f9c978e16863383738b69a70363bc5e63c4cb",
                "sha256:22a7acb81968a7c64eba7526af2cf566e7e2ded1cb5c83f0906b17ff1540f866",
                "sha256:2b4b2b738b3b99819a17feaf118265d0753d5536049ea570b3c43b51c4701e81",
                "sha256:4cf91aab51b02b3327c9d51897960c554f00891f9b31abd8a2f50fd4a0071ce8",
                "sha256:7cce4bac7e0d66f3a080b80212c2238e063211fe327f98d764c6acbc214497fc",
                "sha256:8027bd5f1e633eb61b8239994e6fc3aba0346e76294beac22a892eb8faa92ba1",
                "sha256:86afc5b5cbd42d706efd33f280fec7bd7e2772ef54e3f34cf6b30777cd19a614",
                "sha256:87d349517b572964350cc1adc5a31b493bbcee284505e81637d0174b2758ba17",
                "sha256:926bcbef9eb60e798eabda9cd0bbcb0fca70d2779aa0aa56845749d973eb7ad5",
                "sha256:9a126c3a91df5b1403e965ba63b304a50b53d8efc908a8c71545ed72535374a3",
                "sha256:daaf4d11db982791be74b23ff4729af2c7da79316de0bebf880fa2d60bcc8c5a",
                "sha256:fc046afda0ed8f5295212068266c92991ab1f4a50c6a7144b69364bdee4a0159",
                "sha256:fc9051d249dd5512e541f20330a74592f7a65b2d62e18122ca89bf71f94db748"
            ],
            "version": "==3.17.0"
        },
        "six": {
            "hashes": [
                "sha256:236bdbdce46e6e6a3d61a337c0f8b763ca1e8717c03b369e87a7ec7ce1319c0a",
                "sha256:8f3cd2e254d8f793e7f3d6d9df77b92252b52637291d0f0da013c76ea2724b6c"
            ],
            "version": "==1.14.0"
        },
        "sqlparse": {
            "hashes": [
                "sha256:40afe6b8d4b1117e7dff5504d7a8ce07d9a1b15aeeade8a2d10f130a834f8177",
                "sha256:7c3dca29c022744e95b547e867cee89f4fce4373f3549ccd8797d8eb52cdb873"
            ],
            "version": "==0.3.0"
        },
        "toolz": {
            "hashes": [
                "sha256:08fdd5ef7c96480ad11c12d472de21acd32359996f69a5259299b540feba4560"
            ],
            "version": "==0.10.0"
        },
        "uritemplate": {
            "hashes": [
                "sha256:07620c3f3f8eed1f12600845892b0e036a2420acf513c53f7de0abd911a5894f",
                "sha256:5af8ad10cec94f215e3f48112de2022e1d5a37ed427fbd88652fa908f2ab7cae"
            ],
            "version": "==3.0.1"
        },
        "urllib3": {
            "hashes": [
                "sha256:a68ac5e15e76e7e5dd2b8f94007233e01effe3e50e8daddf69acfd81cb686baf",
                "sha256:b5725a0bd4ba422ab0e66e89e030c806576753ea3ee08554382c14e685d117b5"
            ],
            "index": "pypi",
            "version": "==1.23"
        },
        "web3": {
            "hashes": [
                "sha256:6772f7ca234c16febaa4d53f403062cb702509936b0deddab3968ce0bb8f50cb",
                "sha256:6b8086ef2634f89e780c2fcba9e1a7e3c2cdac0edfaa8e5f15991d0afdcc5897"
            ],
            "index": "pypi",
            "version": "==4.8.3"
        },
        "websockets": {
            "hashes": [
                "sha256:0e2f7d6567838369af074f0ef4d0b802d19fa1fee135d864acc656ceefa33136",
                "sha256:2a16dac282b2fdae75178d0ed3d5b9bc3258dabfae50196cbb30578d84b6f6a6",
                "sha256:5a1fa6072405648cb5b3688e9ed3b94be683ce4a4e5723e6f5d34859dee495c1",
                "sha256:5c1f55a1274df9d6a37553fef8cff2958515438c58920897675c9bc70f5a0538",
                "sha256:669d1e46f165e0ad152ed8197f7edead22854a6c90419f544e0f234cc9dac6c4",
                "sha256:695e34c4dbea18d09ab2c258994a8bf6a09564e762655408241f6a14592d2908",
                "sha256:6b2e03d69afa8d20253455e67b64de1a82ff8612db105113cccec35d3f8429f0",
                "sha256:79ca7cdda7ad4e3663ea3c43bfa8637fc5d5604c7737f19a8964781abbd1148d",
                "sha256:7fd2dd9a856f72e6ed06f82facfce01d119b88457cd4b47b7ae501e8e11eba9c",
                "sha256:82c0354ac39379d836719a77ee360ef865377aa6fdead87909d50248d0f05f4d",
                "sha256:8f3b956d11c5b301206382726210dc1d3bee1a9ccf7aadf895aaf31f71c3716c",
                "sha256:91ec98640220ae05b34b79ee88abf27f97ef7c61cf525eec57ea8fcea9f7dddb",
                "sha256:952be9540d83dba815569d5cb5f31708801e0bbfc3a8c5aef1890b57ed7e58bf",
                "sha256:99ac266af38ba1b1fe13975aea01ac0e14bb5f3a3200d2c69f05385768b8568e",
                "sha256:9fa122e7adb24232247f8a89f2d9070bf64b7869daf93ac5e19546b409e47e96",
                "sha256:a0873eadc4b8ca93e2e848d490809e0123eea154aa44ecd0109c4d0171869584",
                "sha256:cb998bd4d93af46b8b49ecf5a72c0a98e5cc6d57fdca6527ba78ad89d6606484",
                "sha256:e02e57346f6a68523e3c43bbdf35dde5c440318d1f827208ae455f6a2ace446d",
                "sha256:e79a5a896bcee7fff24a788d72e5c69f13e61369d055f28113e71945a7eb1559",
                "sha256:ee55eb6bcf23ecc975e6b47c127c201b913598f38b6a300075f84eeef2d3baff",
                "sha256:f1414e6cbcea8d22843e7eafdfdfae3dd1aba41d1945f6ca66e4806c07c4f454"
            ],
            "index": "pypi",
            "version": "==6.0"
        },
        "whitenoise": {
            "hashes": [
                "sha256:0f9137f74bd95fa54329ace88d8dc695fbe895369a632e35f7a136e003e41d73",
                "sha256:62556265ec1011bd87113fb81b7516f52688887b7a010ee899ff1fd18fd22700"
            ],
            "version": "==5.0.1"
        }
    },
    "develop": {}
}
